
Microsoft Visual Studio Solution File, Format Version 12.00
# Visual Studio 14
VisualStudioVersion = 14.0.25420.1
MinimumVisualStudioVersion = 10.0.40219.1
Project("{FAE04EC0-301F-11D3-BF4B-00C04F79EFBC}") = "DAL", "ClassLibrary1\DAL.csproj", "{5CC7B26B-6E20-477B-8DEA-082BE73F7F84}"
EndProject
Project("{FAE04EC0-301F-11D3-BF4B-00C04F79EFBC}") = "DALEF", "ClassLibrary2\DALEF.csproj", "{257C9A9D-5143-4752-8FD3-CF729DED20E3}"
EndProject
Project("{FAE04EC0-301F-11D3-BF4B-00C04F79EFBC}") = "BLL", "BLL\BLL.csproj", "{6CB2A215-BFC7-4B82-B68E-679C21D4D98E}"
EndProject
Project("{FAE04EC0-301F-11D3-BF4B-00C04F79EFBC}") = "UnitTests", "UnitTests\UnitTests.csproj", "{2E34FAC6-F4C1-4523-8FA8-9D1235CDC469}"
EndProject
Project("{FAE04EC0-301F-11D3-BF4B-00C04F79EFBC}") = "PL", "PL\PL.csproj", "{010DFE02-F8EF-4661-AA73-521FC756B7BB}"
EndProject
Project("{FAE04EC0-301F-11D3-BF4B-00C04F79EFBC}") = "WebApi", "WebApi\WebApi.csproj", "{BC8B4551-0781-40AD-A1D8-B076BD8604C8}"
EndProject
Global
	GlobalSection(Performance) = preSolution
		HasPerformanceSessions = true
	EndGlobalSection
	GlobalSection(SolutionConfigurationPlatforms) = preSolution
		Debug|Any CPU = Debug|Any CPU
		Release|Any CPU = Release|Any CPU
	EndGlobalSection
	GlobalSection(ProjectConfigurationPlatforms) = postSolution
		{5CC7B26B-6E20-477B-8DEA-082BE73F7F84}.Debug|Any CPU.ActiveCfg = Debug|Any CPU
		{5CC7B26B-6E20-477B-8DEA-082BE73F7F84}.Debug|Any CPU.Build.0 = Debug|Any CPU
		{5CC7B26B-6E20-477B-8DEA-082BE73F7F84}.Release|Any CPU.ActiveCfg = Release|Any CPU
		{5CC7B26B-6E20-477B-8DEA-082BE73F7F84}.Release|Any CPU.Build.0 = Release|Any CPU
		{257C9A9D-5143-4752-8FD3-CF729DED20E3}.Debug|Any CPU.ActiveCfg = Debug|Any CPU
		{257C9A9D-5143-4752-8FD3-CF729DED20E3}.Debug|Any CPU.Build.0 = Debug|Any CPU
		{257C9A9D-5143-4752-8FD3-CF729DED20E3}.Release|Any CPU.ActiveCfg = Release|Any CPU
		{257C9A9D-5143-4752-8FD3-CF729DED20E3}.Release|Any CPU.Build.0 = Release|Any CPU
		{6CB2A215-BFC7-4B82-B68E-679C21D4D98E}.Debug|Any CPU.ActiveCfg = Debug|Any CPU
		{6CB2A215-BFC7-4B82-B68E-679C21D4D98E}.Debug|Any CPU.Build.0 = Debug|Any CPU
		{6CB2A215-BFC7-4B82-B68E-679C21D4D98E}.Release|Any CPU.ActiveCfg = Release|Any CPU
		{6CB2A215-BFC7-4B82-B68E-679C21D4D98E}.Release|Any CPU.Build.0 = Release|Any CPU
		{2E34FAC6-F4C1-4523-8FA8-9D1235CDC469}.Debug|Any CPU.ActiveCfg = Debug|Any CPU
		{2E34FAC6-F4C1-4523-8FA8-9D1235CDC469}.Debug|Any CPU.Build.0 = Debug|Any CPU
		{2E34FAC6-F4C1-4523-8FA8-9D1235CDC469}.Release|Any CPU.ActiveCfg = Release|Any CPU
		{2E34FAC6-F4C1-4523-8FA8-9D1235CDC469}.Release|Any CPU.Build.0 = Release|Any CPU
		{010DFE02-F8EF-4661-AA73-521FC756B7BB}.Debug|Any CPU.ActiveCfg = Debug|Any CPU
		{010DFE02-F8EF-4661-AA73-521FC756B7BB}.Debug|Any CPU.Build.0 = Debug|Any CPU
		{010DFE02-F8EF-4661-AA73-521FC756B7BB}.Release|Any CPU.ActiveCfg = Release|Any CPU
		{010DFE02-F8EF-4661-AA73-521FC756B7BB}.Release|Any CPU.Build.0 = Release|Any CPU
		{BC8B4551-0781-40AD-A1D8-B076BD8604C8}.Debug|Any CPU.ActiveCfg = Debug|Any CPU
		{BC8B4551-0781-40AD-A1D8-B076BD8604C8}.Debug|Any CPU.Build.0 = Debug|Any CPU
		{BC8B4551-0781-40AD-A1D8-B076BD8604C8}.Release|Any CPU.ActiveCfg = Release|Any CPU
		{BC8B4551-0781-40AD-A1D8-B076BD8604C8}.Release|Any CPU.Build.0 = Release|Any CPU
	EndGlobalSection
	GlobalSection(SolutionProperties) = preSolution
		HideSolutionNode = FALSE
	EndGlobalSection
EndGlobal
